<?xml version="1.0" encoding="utf-8"?>
<Project ToolsVersion="4.0" xmlns="http://schemas.microsoft.com/developer/msbuild/2003">
  <ItemGroup>
    <ClCompile Include="Camera.cpp" />
    <ClCompile Include="Collision.cpp" />
    <ClCompile Include="Game.cpp" />
    <ClCompile Include="Grass.cpp" />
    <ClCompile Include="HealthBar.cpp" />
    <ClCompile Include="Light.cpp" />
    <ClCompile Include="main.cpp" />
    <ClCompile Include="Material.cpp" />
    <ClCompile Include="Mesh.cpp" />
    <ClCompile Include="Model.cpp" />
    <ClCompile Include="Primitives.cpp" />
    <ClCompile Include="Shader.cpp" />
    <ClCompile Include="Skybox.cpp" />
    <ClCompile Include="Sound.cpp" />
    <ClCompile Include="Terrain.cpp" />
    <ClCompile Include="Text.cpp" />
    <ClCompile Include="Texture.cpp" />
  </ItemGroup>
  <ItemGroup>
    <ClInclude Include="Camera.h" />
    <ClInclude Include="Collision.h" />
    <ClInclude Include="Game.h" />
    <ClInclude Include="Grass.h" />
    <ClInclude Include="HealthBar.h" />
    <ClInclude Include="libs.h" />
    <ClInclude Include="Light.h" />
    <ClInclude Include="Material.h" />
    <ClInclude Include="Mesh.h" />
    <ClInclude Include="Model.h" />
    <ClInclude Include="Primitives.h" />
    <ClInclude Include="Shader.h" />
    <ClInclude Include="Skybox.h" />
    <ClInclude Include="Sound.h" />
    <ClInclude Include="Terrain.h" />
    <ClInclude Include="Text.h" />
    <ClInclude Include="Texture.h" />
    <ClInclude Include="Vertex.h" />
  </ItemGroup>
  <ItemGroup>
    <None Include="grass.frag" />
    <None Include="grass.vs" />
    <None Include="HealthBar.frag" />
    <None Include="HealthBar.vs" />
    <None Include="lamp.frag" />
    <None Include="lamp.vs" />
    <None Include="objects.frag" />
    <None Include="objects.vs" />
    <None Include="Skybox.frag" />
    <None Include="Skybox.vs" />
    <None Include="TextShader.frag" />
    <None Include="TextShader.vs" />
    <None Include="packages.config" />
  </ItemGroup>
</Project>